# THIS IS AN AUTOGENERATED FILE. DO NOT EDIT THIS FILE DIRECTLY.
# yarn lockfile v1


primeflex@^3.3.1:
  version "3.3.1"
  resolved "https://registry.yarnpkg.com/primeflex/-/primeflex-3.3.1.tgz#361dddf6eb5db50d733e4cddd4b6e376a3d7bd68"
  integrity sha512-zaOq3YvcOYytbAmKv3zYc+0VNS9Wg5d37dfxZnveKBFPr7vEIwfV5ydrpiouTft8MVW6qNjfkaQphHSnvgQbpQ==
